
Microsoft Visual Studio Solution File, Format Version 12.00
# Visual Studio Version 17
VisualStudioVersion = 17.3.32929.385
MinimumVisualStudioVersion = 10.0.40219.1
Project("{FAE04EC0-301F-11D3-BF4B-00C04F79EFBC}") = "SingleResponsibility", "SingleResponsibility\SingleResponsibility.csproj", "{DA8AB407-8A13-4081-8B0E-BCAE5B20CD2D}"
EndProject
Global
	GlobalSection(SolutionConfigurationPlatforms) = preSolution
		Debug|Any CPU = Debug|Any CPU
		Release|Any CPU = Release|Any CPU
	EndGlobalSection
	GlobalSection(ProjectConfigurationPlatforms) = postSolution
		{DA8AB407-8A13-4081-8B0E-BCAE5B20CD2D}.Debug|Any CPU.ActiveCfg = Debug|Any CPU
		{DA8AB407-8A13-4081-8B0E-BCAE5B20CD2D}.Debug|Any CPU.Build.0 = Debug|Any CPU
		{DA8AB407-8A13-4081-8B0E-BCAE5B20CD2D}.Release|Any CPU.ActiveCfg = Release|Any CPU
		{DA8AB407-8A13-4081-8B0E-BCAE5B20CD2D}.Release|Any CPU.Build.0 = Release|Any CPU
	EndGlobalSection
	GlobalSection(SolutionProperties) = preSolution
		HideSolutionNode = FALSE
	EndGlobalSection
	GlobalSection(ExtensibilityGlobals) = postSolution
		SolutionGuid = {90526A64-A2B6-4AEA-AC8D-CCE6635334C3}
	EndGlobalSection
EndGlobal
